
Microsoft Visual Studio Solution File, Format Version 12.00
# Visual Studio Version 17
VisualStudioVersion = 17.11.35312.102
MinimumVisualStudioVersion = 10.0.40219.1
Project("{FAE04EC0-301F-11D3-BF4B-00C04F79EFBC}") = "DirectoryScan", "DirectoryScan\DirectoryScan.csproj", "{B4FDD5A0-F9E2-4BB7-8395-6C0A69E333F6}"
EndProject
Global
	GlobalSection(SolutionConfigurationPlatforms) = preSolution
		Debug|Any CPU = Debug|Any CPU
		Release|Any CPU = Release|Any CPU
	EndGlobalSection
	GlobalSection(ProjectConfigurationPlatforms) = postSolution
		{B4FDD5A0-F9E2-4BB7-8395-6C0A69E333F6}.Debug|Any CPU.ActiveCfg = Debug|Any CPU
		{B4FDD5A0-F9E2-4BB7-8395-6C0A69E333F6}.Debug|Any CPU.Build.0 = Debug|Any CPU
		{B4FDD5A0-F9E2-4BB7-8395-6C0A69E333F6}.Release|Any CPU.ActiveCfg = Release|Any CPU
		{B4FDD5A0-F9E2-4BB7-8395-6C0A69E333F6}.Release|Any CPU.Build.0 = Release|Any CPU
	EndGlobalSection
	GlobalSection(SolutionProperties) = preSolution
		HideSolutionNode = FALSE
	EndGlobalSection
	GlobalSection(ExtensibilityGlobals) = postSolution
		SolutionGuid = {E2436784-B090-4F49-8CB3-C38DEDEB813C}
	EndGlobalSection
EndGlobal
